// !$*UTF8*$!
{
	archiveVersion = 1;
	classes = {
	};
	objectVersion = 50;
	objects = {

/* Begin PBXBuildFile section */
		8DA9747C24EAA4AD00FADF3E /* AppDelegate.swift in Sources */ = {isa = PBXBuildFile; fileRef = 8DA9747B24EAA4AD00FADF3E /* AppDelegate.swift */; };
		8DA9747E24EAA4AD00FADF3E /* SceneDelegate.swift in Sources */ = {isa = PBXBuildFile; fileRef = 8DA9747D24EAA4AD00FADF3E /* SceneDelegate.swift */; };
		8DA9748024EAA4AD00FADF3E /* ViewController.swift in Sources */ = {isa = PBXBuildFile; fileRef = 8DA9747F24EAA4AD00FADF3E /* ViewController.swift */; };
		8DA9748324EAA4AD00FADF3E /* Main.storyboard in Resources */ = {isa = PBXBuildFile; fileRef = 8DA9748124EAA4AD00FADF3E /* Main.storyboard */; };
		8DA9748524EAA4AF00FADF3E /* Assets.xcassets in Resources */ = {isa = PBXBuildFile; fileRef = 8DA9748424EAA4AF00FADF3E /* Assets.xcassets */; };
		8DA9748824EAA4AF00FADF3E /* LaunchScreen.storyboard in Resources */ = {isa = PBXBuildFile; fileRef = 8DA9748624EAA4AF00FADF3E /* LaunchScreen.storyboard */; };
/* End PBXBuildFile section */

/* Begin PBXFileReference section */
		8DA9747824EAA4AD00FADF3E /* Swift5MapAndProtocol01.app */ = {isa = PBXFileReference; explicitFileType = wrapper.application; includeInIndex = 0; path = Swift5MapAndProtocol01.app; sourceTree = BUILT_PRODUCTS_DIR; };
		8DA9747B24EAA4AD00FADF3E /* AppDelegate.swift */ = {isa = PBXFileReference; lastKnownFileType = sourcecode.swift; path = AppDelegate.swift; sourceTree = "<group>"; };
		8DA9747D24EAA4AD00FADF3E /* SceneDelegate.swift */ = {isa = PBXFileReference; lastKnownFileType = sourcecode.swift; path = SceneDelegate.swift; sourceTree = "<group>"; };
		8DA9747F24EAA4AD00FADF3E /* ViewController.swift */ = {isa = PBXFileReference; lastKnownFileType = sourcecode.swift; path = ViewController.swift; sourceTree = "<group>"; };
		8DA9748224EAA4AD00FADF3E /* Base */ = {isa = PBXFileReference; lastKnownFileType = file.storyboard; name = Base; path = Base.lproj/Main.storyboard; sourceTree = "<group>"; };
		8DA9748424EAA4AF00FADF3E /* Assets.xcassets */ = {isa = PBXFileReference; lastKnownFileType = folder.assetcatalog; path = Assets.xcassets; sourceTree = "<group>"; };
		8DA9748724EAA4AF00FADF3E /* Base */ = {isa = PBXFileReference; lastKnownFileType = file.storyboard; name = Base; path = Base.lproj/LaunchScreen.storyboard; sourceTree = "<group>"; };
		8DA9748924EAA4AF00FADF3E /* Info.plist */ = {isa = PBXFileReference; lastKnownFileType = text.plist.xml; path = Info.plist; sourceTree = "<group>"; };
/* End PBXFileReference section */

/* Begin PBXFrameworksBuildPhase section */
		8DA9747524EAA4AD00FADF3E /* Frameworks */ = {
			isa = PBXFrameworksBuildPhase;
			buildActionMask = 2147483647;
			files = (
			);
			runOnlyForDeploymentPostprocessing = 0;
		};
/* End PBXFrameworksBuildPhase section */

/* Begin PBXGroup section */
		8DA9746F24EAA4AD00FADF3E = {
			isa = PBXGroup;
			children = (
				8DA9747A24EAA4AD00FADF3E /* Swift5MapAndProtocol01 */,
				8DA9747924EAA4AD00FADF3E /* Products */,
			);
			sourceTree = "<group>";
		};
		8DA9747924EAA4AD00FADF3E /* Products */ = {
			isa = PBXGroup;
			children = (
				8DA9747824EAA4AD00FADF3E /* Swift5MapAndProtocol01.app */,
			);
			name = Products;
			sourceTree = "<group>";
		};
		8DA9747A24EAA4AD00FADF3E /* Swift5MapAndProtocol01 */ = {
			isa = PBXGroup;
			children = (
				8DA9747B24EAA4AD00FADF3E /* AppDelegate.swift */,
				8DA9747D24EAA4AD00FADF3E /* SceneDelegate.swift */,
				8DA9747F24EAA4AD00FADF3E /* ViewController.swift */,
				8DA9748124EAA4AD00FADF3E /* Main.storyboard */,
				8DA9748424EAA4AF00FADF3E /* Assets.xcassets */,
				8DA9748624EAA4AF00FADF3E /* LaunchScreen.storyboard */,
				8DA9748924EAA4AF00FADF3E /* Info.plist */,
			);
			path = Swift5MapAndProtocol01;
			sourceTree = "<group>";
		};
/* End PBXGroup section */

/* Begin PBXNativeTarget section */
		8DA9747724EAA4AD00FADF3E /* Swift5MapAndProtocol01 */ = {
			isa = PBXNativeTarget;
			buildConfigurationList = 8DA9748C24EAA4AF00FADF3E /* Build configuration list for PBXNativeTarget "Swift5MapAndProtocol01" */;
			buildPhases = (
				8DA9747424EAA4AD00FADF3E /* Sources */,
				8DA9747524EAA4AD00FADF3E /* Frameworks */,
				8DA9747624EAA4AD00FADF3E /* Resources */,
			);
			buildRules = (
			);
			dependencies = (
			);
			name = Swift5MapAndProtocol01;
			productName = Swift5MapAndProtocol01;
			productReference = 8DA9747824EAA4AD00FADF3E /* Swift5MapAndProtocol01.app */;
			productType = "com.apple.product-type.application";
		};
/* End PBXNativeTarget section */

/* Begin PBXProject section */
		8DA9747024EAA4AD00FADF3E /* Project object */ = {
			isa = PBXProject;
			attributes = {
				LastSwiftUpdateCheck = 1160;
				LastUpgradeCheck = 1160;
				ORGANIZATIONNAME = "中塚富士雄";
				TargetAttributes = {
					8DA9747724EAA4AD00FADF3E = {
						CreatedOnToolsVersion = 11.6;
					};
				};
			};
			buildConfigurationList = 8DA9747324EAA4AD00FADF3E /* Build configuration list for PBXProject "Swift5MapAndProtocol01" */;
			compatibilityVersion = "Xcode 9.3";
			developmentRegion = en;
			hasScannedForEncodings = 0;
			knownRegions = (
				en,
				Base,
			);
			mainGroup = 8DA9746F24EAA4AD00FADF3E;
			productRefGroup = 8DA9747924EAA4AD00FADF3E /* Products */;
			projectDirPath = "";
			projectRoot = "";
			targets = (
				8DA9747724EAA4AD00FADF3E /* Swift5MapAndProtocol01 */,
			);
		};
/* End PBXProject section */

/* Begin PBXResourcesBuildPhase section */
		8DA9747624EAA4AD00FADF3E /* Resources */ = {
			isa = PBXResourcesBuildPhase;
			buildActionMask = 2147483647;
			files = (
				8DA9748824EAA4AF00FADF3E /* LaunchScreen.storyboard in Resources */,
				8DA9748524EAA4AF00FADF3E /* Assets.xcassets in Resources */,
				8DA9748324EAA4AD00FADF3E /* Main.storyboard in Resources */,
			);
			runOnlyForDeploymentPostprocessing = 0;
		};
/* End PBXResourcesBuildPhase section */

/* Begin PBXSourcesBuildPhase section */
		8DA9747424EAA4AD00FADF3E /* Sources */ = {
			isa = PBXSourcesBuildPhase;
			buildActionMask = 2147483647;
			files = (
				8DA9748024EAA4AD00FADF3E /* ViewController.swift in Sources */,
				8DA9747C24EAA4AD00FADF3E /* AppDelegate.swift in Sources */,
				8DA9747E24EAA4AD00FADF3E /* SceneDelegate.swift in Sources */,
			);
			runOnlyForDeploymentPostprocessing = 0;
		};
/* End PBXSourcesBuildPhase section */

/* Begin PBXVariantGroup section */
		8DA9748124EAA4AD00FADF3E /* Main.storyboard */ = {
			isa = PBXVariantGroup;
			children = (
				8DA9748224EAA4AD00FADF3E /* Base */,
			);
			name = Main.storyboard;
			sourceTree = "<group>";
		};
		8DA9748624EAA4AF00FADF3E /* LaunchScreen.storyboard */ = {
			isa = PBXVariantGroup;
			children = (
				8DA9748724EAA4AF00FADF3E /* Base */,
			);
			name = LaunchScreen.storyboard;
			sourceTree = "<group>";
		};
/* End PBXVariantGroup section */

/* Begin XCBuildConfiguration section */
		8DA9748A24EAA4AF00FADF3E /* Debug */ = {
			isa = XCBuildConfiguration;
			buildSettings = {
				ALWAYS_SEARCH_USER_PATHS = NO;
				CLANG_ANALYZER_NONNULL = YES;
				CLANG_ANALYZER_NUMBER_OBJECT_CONVERSION = YES_AGGRESSIVE;
				CLANG_CXX_LANGUAGE_STANDARD = "gnu++14";
				CLANG_CXX_LIBRARY = "libc++";
				CLANG_ENABLE_MODULES = YES;
				CLANG_ENABLE_OBJC_ARC = YES;
				CLANG_ENABLE_OBJC_WEAK = YES;
				CLANG_WARN_BLOCK_CAPTURE_AUTORELEASING = YES;
				CLANG_WARN_BOOL_CONVERSION = YES;
				CLANG_WARN_COMMA = YES;
				CLANG_WARN_CONSTANT_CONVERSION = YES;
				CLANG_WARN_DEPRECATED_OBJC_IMPLEMENTATIONS = YES;
				CLANG_WARN_DIRECT_OBJC_ISA_USAGE = YES_ERROR;
				CLANG_WARN_DOCUMENTATION_COMMENTS = YES;
				CLANG_WARN_EMPTY_BODY = YES;
				CLANG_WARN_ENUM_CONVERSION = YES;
				CLANG_WARN_INFINITE_RECURSION = YES;
				CLANG_WARN_INT_CONVERSION = YES;
				CLANG_WARN_NON_LITERAL_NULL_CONVERSION = YES;
				CLANG_WARN_OBJC_IMPLICIT_RETAIN_SELF = YES;
				CLANG_WARN_OBJC_LITERAL_CONVERSION = YES;
				CLANG_WARN_OBJC_ROOT_CLASS = YES_ERROR;
				CLANG_WARN_RANGE_LOOP_ANALYSIS = YES;
				CLANG_WARN_STRICT_PROTOTYPES = YES;
				CLANG_WARN_SUSPICIOUS_MOVE = YES;
				CLANG_WARN_UNGUARDED_AVAILABILITY = YES_AGGRESSIVE;
				CLANG_WARN_UNREACHABLE_CODE = YES;
				CLANG_WARN__DUPLICATE_METHOD_MATCH = YES;
				COPY_PHASE_STRIP = NO;
				DEBUG_INFORMATION_FORMAT = dwarf;
				ENABLE_STRICT_OBJC_MSGSEND = YES;
				ENABLE_TESTABILITY = YES;
				GCC_C_LANGUAGE_STANDARD = gnu11;
				GCC_DYNAMIC_NO_PIC = NO;
				GCC_NO_COMMON_BLOCKS = YES;
				GCC_OPTIMIZATION_LEVEL = 0;
				GCC_PREPROCESSOR_DEFINITIONS = (
					"DEBUG=1",
					"$(inherited)",
				);
				GCC_WARN_64_TO_32_BIT_CONVERSION = YES;
				GCC_WARN_ABOUT_RETURN_TYPE = YES_ERROR;
				GCC_WARN_UNDECLARED_SELECTOR = YES;
				GCC_WARN_UNINITIALIZED_AUTOS = YES_AGGRESSIVE;
				GCC_WARN_UNUSED_FUNCTION = YES;
				GCC_WARN_UNUSED_VARIABLE = YES;
				IPHONEOS_DEPLOYMENT_TARGET = 13.6;
				MTL_ENABLE_DEBUG_INFO = INCLUDE_SOURCE;
				MTL_FAST_MATH = YES;
				ONLY_ACTIVE_ARCH = YES;
				SDKROOT = iphoneos;
				SWIFT_ACTIVE_COMPILATION_CONDITIONS = DEBUG;
				SWIFT_OPTIMIZATION_LEVEL = "-Onone";
			};
			name = Debug;
		};
		8DA9748B24EAA4AF00FADF3E /* Release */ = {
			isa = XCBuildConfiguration;
			buildSettings = {
				ALWAYS_SEARCH_USER_PATHS = NO;
				CLANG_ANALYZER_NONNULL = YES;
				CLANG_ANALYZER_NUMBER_OBJECT_CONVERSION = YES_AGGRESSIVE;
				CLANG_CXX_LANGUAGE_STANDARD = "gnu++14";
				CLANG_CXX_LIBRARY = "libc++";
				CLANG_ENABLE_MODULES = YES;
				CLANG_ENABLE_OBJC_ARC = YES;
				CLANG_ENABLE_OBJC_WEAK = YES;
				CLANG_WARN_BLOCK_CAPTURE_AUTORELEASING = YES;
				CLANG_WARN_BOOL_CONVERSION = YES;
				CLANG_WARN_COMMA = YES;
				CLANG_WARN_CONSTANT_CONVERSION = YES;
				CLANG_WARN_DEPRECATED_OBJC_IMPLEMENTATIONS = YES;
				CLANG_WARN_DIRECT_OBJC_ISA_USAGE = YES_ERROR;
				CLANG_WARN_DOCUMENTATION_COMMENTS = YES;
				CLANG_WARN_EMPTY_BODY = YES;
				CLANG_WARN_ENUM_CONVERSION = YES;
				CLANG_WARN_INFINITE_RECURSION = YES;
				CLANG_WARN_INT_CONVERSION = YES;
				CLANG_WARN_NON_LITERAL_NULL_CONVERSION = YES;
				CLANG_WARN_OBJC_IMPLICIT_RETAIN_SELF = YES;
				CLANG_WARN_OBJC_LITERAL_CONVERSION = YES;
				CLANG_WARN_OBJC_ROOT_CLASS = YES_ERROR;
				CLANG_WARN_RANGE_LOOP_ANALYSIS = YES;
				CLANG_WARN_STRICT_PROTOTYPES = YES;
				CLANG_WARN_SUSPICIOUS_MOVE = YES;
				CLANG_WARN_UNGUARDED_AVAILABILITY = YES_AGGRESSIVE;
				CLANG_WARN_UNREACHABLE_CODE = YES;
				CLANG_WARN__DUPLICATE_METHOD_MATCH = YES;
				COPY_PHASE_STRIP = NO;
				DEBUG_INFORMATION_FORMAT = "dwarf-with-dsym";
				ENABLE_NS_ASSERTIONS = NO;
				ENABLE_STRICT_OBJC_MSGSEND = YES;
				GCC_C_LANGUAGE_STANDARD = gnu11;
				GCC_NO_COMMON_BLOCKS = YES;
				GCC_WARN_64_TO_32_BIT_CONVERSION = YES;
				GCC_WARN_ABOUT_RETURN_TYPE = YES_ERROR;
				GCC_WARN_UNDECLARED_SELECTOR = YES;
				GCC_WARN_UNINITIALIZED_AUTOS = YES_AGGRESSIVE;
				GCC_WARN_UNUSED_FUNCTION = YES;
				GCC_WARN_UNUSED_VARIABLE = YES;
				IPHONEOS_DEPLOYMENT_TARGET = 13.6;
				MTL_ENABLE_DEBUG_INFO = NO;
				MTL_FAST_MATH = YES;
				SDKROOT = iphoneos;
				SWIFT_COMPILATION_MODE = wholemodule;
				SWIFT_OPTIMIZATION_LEVEL = "-O";
				VALIDATE_PRODUCT = YES;
			};
			name = Release;
		};
		8DA9748D24EAA4AF00FADF3E /* Debug */ = {
			isa = XCBuildConfiguration;
			buildSettings = {
				ASSETCATALOG_COMPILER_APPICON_NAME = AppIcon;
				CODE_SIGN_STYLE = Automatic;
				DEVELOPMENT_TEAM = XHN5S8Z76G;
				INFOPLIST_FILE = Swift5MapAndProtocol01/Info.plist;
				LD_RUNPATH_SEARCH_PATHS = (
					"$(inherited)",
					"@executable_path/Frameworks",
				);
				PRODUCT_BUNDLE_IDENTIFIER = com.nifty.cbm01799.Swift5MapAndProtocol01;
				PRODUCT_NAME = "$(TARGET_NAME)";
				SWIFT_VERSION = 5.0;
				TARGETED_DEVICE_FAMILY = "1,2";
			};
			name = Debug;
		};
		8DA9748E24EAA4AF00FADF3E /* Release */ = {
			isa = XCBuildConfiguration;
			buildSettings = {
				ASSETCATALOG_COMPILER_APPICON_NAME = AppIcon;
				CODE_SIGN_STYLE = Automatic;
				DEVELOPMENT_TEAM = XHN5S8Z76G;
				INFOPLIST_FILE = Swift5MapAndProtocol01/Info.plist;
				LD_RUNPATH_SEARCH_PATHS = (
					"$(inherited)",
					"@executable_path/Frameworks",
				);
				PRODUCT_BUNDLE_IDENTIFIER = com.nifty.cbm01799.Swift5MapAndProtocol01;
				PRODUCT_NAME = "$(TARGET_NAME)";
				SWIFT_VERSION = 5.0;
				TARGETED_DEVICE_FAMILY = "1,2";
			};
			name = Release;
		};
/* End XCBuildConfiguration section */

/* Begin XCConfigurationList section */
		8DA9747324EAA4AD00FADF3E /* Build configuration list for PBXProject "Swift5MapAndProtocol01" */ = {
			isa = XCConfigurationList;
			buildConfigurations = (
				8DA9748A24EAA4AF00FADF3E /* Debug */,
				8DA9748B24EAA4AF00FADF3E /* Release */,
			);
			defaultConfigurationIsVisible = 0;
			defaultConfigurationName = Release;
		};
		8DA9748C24EAA4AF00FADF3E /* Build configuration list for PBXNativeTarget "Swift5MapAndProtocol01" */ = {
			isa = XCConfigurationList;
			buildConfigurations = (
				8DA9748D24EAA4AF00FADF3E /* Debug */,
				8DA9748E24EAA4AF00FADF3E /* Release */,
			);
			defaultConfigurationIsVisible = 0;
			defaultConfigurationName = Release;
		};
/* End XCConfigurationList section */
	};
	rootObject = 8DA9747024EAA4AD00FADF3E /* Project object */;
}
